
Microsoft Visual Studio Solution File, Format Version 12.00
# Visual Studio Version 16
VisualStudioVersion = 16.0.33328.57
MinimumVisualStudioVersion = 10.0.40219.1
Project("{FAE04EC0-301F-11D3-BF4B-00C04F79EFBC}") = "Projeto_Livre_Dupla", "Projeto_Livre_Dupla\Projeto_Livre_Dupla.csproj", "{81CAD25C-F379-402F-B159-905A8249D6A1}"
EndProject
Global
	GlobalSection(SolutionConfigurationPlatforms) = preSolution
		Debug|Any CPU = Debug|Any CPU
		Release|Any CPU = Release|Any CPU
	EndGlobalSection
	GlobalSection(ProjectConfigurationPlatforms) = postSolution
		{81CAD25C-F379-402F-B159-905A8249D6A1}.Debug|Any CPU.ActiveCfg = Debug|Any CPU
		{81CAD25C-F379-402F-B159-905A8249D6A1}.Debug|Any CPU.Build.0 = Debug|Any CPU
		{81CAD25C-F379-402F-B159-905A8249D6A1}.Release|Any CPU.ActiveCfg = Release|Any CPU
		{81CAD25C-F379-402F-B159-905A8249D6A1}.Release|Any CPU.Build.0 = Release|Any CPU
	EndGlobalSection
	GlobalSection(SolutionProperties) = preSolution
		HideSolutionNode = FALSE
	EndGlobalSection
	GlobalSection(ExtensibilityGlobals) = postSolution
		SolutionGuid = {2EA277FB-7294-4E12-9857-B2E12AAE3CEE}
	EndGlobalSection
EndGlobal
