
Microsoft Visual Studio Solution File, Format Version 12.00
# Visual Studio Version 17
VisualStudioVersion = 17.5.002.0
MinimumVisualStudioVersion = 10.0.40219.1
Project("{9A19103F-16F7-4668-BE54-9A1E7A4F7556}") = "Projeto_Livre_Dupla", "Projeto_Livre_Dupla.csproj", "{6A2FB95D-372D-4D58-A1E4-440F51196749}"
EndProject
Global
	GlobalSection(SolutionConfigurationPlatforms) = preSolution
		Debug|Any CPU = Debug|Any CPU
		Release|Any CPU = Release|Any CPU
	EndGlobalSection
	GlobalSection(ProjectConfigurationPlatforms) = postSolution
		{6A2FB95D-372D-4D58-A1E4-440F51196749}.Debug|Any CPU.ActiveCfg = Debug|Any CPU
		{6A2FB95D-372D-4D58-A1E4-440F51196749}.Debug|Any CPU.Build.0 = Debug|Any CPU
		{6A2FB95D-372D-4D58-A1E4-440F51196749}.Release|Any CPU.ActiveCfg = Release|Any CPU
		{6A2FB95D-372D-4D58-A1E4-440F51196749}.Release|Any CPU.Build.0 = Release|Any CPU
	EndGlobalSection
	GlobalSection(SolutionProperties) = preSolution
		HideSolutionNode = FALSE
	EndGlobalSection
	GlobalSection(ExtensibilityGlobals) = postSolution
		SolutionGuid = {002B49F2-056C-43D3-ABB9-56B93C204DB4}
	EndGlobalSection
EndGlobal
